
Microsoft Visual Studio Solution File, Format Version 12.00
# Visual Studio Version 17
VisualStudioVersion = 17.0.31903.59
MinimumVisualStudioVersion = 10.0.40219.1
Project("{FAE04EC0-301F-11D3-BF4B-00C04F79EFBC}") = "MongoUpsertDemo", "MongoUpsertDemo\MongoUpsertDemo.csproj", "{255DDAA6-F03C-427E-9737-79B37F66092E}"
EndProject
Project("{FAE04EC0-301F-11D3-BF4B-00C04F79EFBC}") = "APILoggingDemo", "APILoggingDemo\APILoggingDemo.csproj", "{CA63D868-7ACC-45AE-B0BB-E2B12F9807FE}"
EndProject
Project("{FAE04EC0-301F-11D3-BF4B-00C04F79EFBC}") = "OpenTelemetryDemo", "OpenTelemetryDemo\OpenTelemetryDemo.csproj", "{76678406-19EF-4F1B-8119-3290CF0768E3}"
EndProject
Global
	GlobalSection(SolutionConfigurationPlatforms) = preSolution
		Debug|Any CPU = Debug|Any CPU
		Debug|x64 = Debug|x64
		Debug|x86 = Debug|x86
		Release|Any CPU = Release|Any CPU
		Release|x64 = Release|x64
		Release|x86 = Release|x86
	EndGlobalSection
	GlobalSection(ProjectConfigurationPlatforms) = postSolution
		{255DDAA6-F03C-427E-9737-79B37F66092E}.Debug|Any CPU.ActiveCfg = Debug|Any CPU
		{255DDAA6-F03C-427E-9737-79B37F66092E}.Debug|Any CPU.Build.0 = Debug|Any CPU
		{255DDAA6-F03C-427E-9737-79B37F66092E}.Debug|x64.ActiveCfg = Debug|Any CPU
		{255DDAA6-F03C-427E-9737-79B37F66092E}.Debug|x64.Build.0 = Debug|Any CPU
		{255DDAA6-F03C-427E-9737-79B37F66092E}.Debug|x86.ActiveCfg = Debug|Any CPU
		{255DDAA6-F03C-427E-9737-79B37F66092E}.Debug|x86.Build.0 = Debug|Any CPU
		{255DDAA6-F03C-427E-9737-79B37F66092E}.Release|Any CPU.ActiveCfg = Release|Any CPU
		{255DDAA6-F03C-427E-9737-79B37F66092E}.Release|Any CPU.Build.0 = Release|Any CPU
		{255DDAA6-F03C-427E-9737-79B37F66092E}.Release|x64.ActiveCfg = Release|Any CPU
		{255DDAA6-F03C-427E-9737-79B37F66092E}.Release|x64.Build.0 = Release|Any CPU
		{255DDAA6-F03C-427E-9737-79B37F66092E}.Release|x86.ActiveCfg = Release|Any CPU
		{255DDAA6-F03C-427E-9737-79B37F66092E}.Release|x86.Build.0 = Release|Any CPU
		{CA63D868-7ACC-45AE-B0BB-E2B12F9807FE}.Debug|Any CPU.ActiveCfg = Debug|Any CPU
		{CA63D868-7ACC-45AE-B0BB-E2B12F9807FE}.Debug|Any CPU.Build.0 = Debug|Any CPU
		{CA63D868-7ACC-45AE-B0BB-E2B12F9807FE}.Debug|x64.ActiveCfg = Debug|Any CPU
		{CA63D868-7ACC-45AE-B0BB-E2B12F9807FE}.Debug|x64.Build.0 = Debug|Any CPU
		{CA63D868-7ACC-45AE-B0BB-E2B12F9807FE}.Debug|x86.ActiveCfg = Debug|Any CPU
		{CA63D868-7ACC-45AE-B0BB-E2B12F9807FE}.Debug|x86.Build.0 = Debug|Any CPU
		{CA63D868-7ACC-45AE-B0BB-E2B12F9807FE}.Release|Any CPU.ActiveCfg = Release|Any CPU
		{CA63D868-7ACC-45AE-B0BB-E2B12F9807FE}.Release|Any CPU.Build.0 = Release|Any CPU
		{CA63D868-7ACC-45AE-B0BB-E2B12F9807FE}.Release|x64.ActiveCfg = Release|Any CPU
		{CA63D868-7ACC-45AE-B0BB-E2B12F9807FE}.Release|x64.Build.0 = Release|Any CPU
		{CA63D868-7ACC-45AE-B0BB-E2B12F9807FE}.Release|x86.ActiveCfg = Release|Any CPU
		{CA63D868-7ACC-45AE-B0BB-E2B12F9807FE}.Release|x86.Build.0 = Release|Any CPU
		{76678406-19EF-4F1B-8119-3290CF0768E3}.Debug|Any CPU.ActiveCfg = Debug|Any CPU
		{76678406-19EF-4F1B-8119-3290CF0768E3}.Debug|Any CPU.Build.0 = Debug|Any CPU
		{76678406-19EF-4F1B-8119-3290CF0768E3}.Debug|x64.ActiveCfg = Debug|Any CPU
		{76678406-19EF-4F1B-8119-3290CF0768E3}.Debug|x64.Build.0 = Debug|Any CPU
		{76678406-19EF-4F1B-8119-3290CF0768E3}.Debug|x86.ActiveCfg = Debug|Any CPU
		{76678406-19EF-4F1B-8119-3290CF0768E3}.Debug|x86.Build.0 = Debug|Any CPU
		{76678406-19EF-4F1B-8119-3290CF0768E3}.Release|Any CPU.ActiveCfg = Release|Any CPU
		{76678406-19EF-4F1B-8119-3290CF0768E3}.Release|Any CPU.Build.0 = Release|Any CPU
		{76678406-19EF-4F1B-8119-3290CF0768E3}.Release|x64.ActiveCfg = Release|Any CPU
		{76678406-19EF-4F1B-8119-3290CF0768E3}.Release|x64.Build.0 = Release|Any CPU
		{76678406-19EF-4F1B-8119-3290CF0768E3}.Release|x86.ActiveCfg = Release|Any CPU
		{76678406-19EF-4F1B-8119-3290CF0768E3}.Release|x86.Build.0 = Release|Any CPU
	EndGlobalSection
	GlobalSection(SolutionProperties) = preSolution
		HideSolutionNode = FALSE
	EndGlobalSection
	GlobalSection(ExtensibilityGlobals) = postSolution
		SolutionGuid = {87706F83-6462-410D-AB68-9D746594290D}
	EndGlobalSection
EndGlobal
